// !$*UTF8*$!
{
	archiveVersion = 1;
	classes = {
	};
	objectVersion = 48;
	objects = {

/* Begin PBXBuildFile section */
		D7382AF0208FC25F0024C47B /* logo.png in Resources */ = {isa = PBXBuildFile; fileRef = D7382AEF208FC25F0024C47B /* logo.png */; };
		D76A59B3208EF130007E8733 /* AppDelegate.swift in Sources */ = {isa = PBXBuildFile; fileRef = D76A59B2208EF130007E8733 /* AppDelegate.swift */; };
		D76A59B5208EF130007E8733 /* ViewController.swift in Sources */ = {isa = PBXBuildFile; fileRef = D76A59B4208EF130007E8733 /* ViewController.swift */; };
		D76A59B8208EF130007E8733 /* Main.storyboard in Resources */ = {isa = PBXBuildFile; fileRef = D76A59B6208EF130007E8733 /* Main.storyboard */; };
		D76A59BA208EF130007E8733 /* Assets.xcassets in Resources */ = {isa = PBXBuildFile; fileRef = D76A59B9208EF130007E8733 /* Assets.xcassets */; };
		D76A59BD208EF130007E8733 /* LaunchScreen.storyboard in Resources */ = {isa = PBXBuildFile; fileRef = D76A59BB208EF130007E8733 /* LaunchScreen.storyboard */; };
		D76A59C7208F0960007E8733 /* RoundedCorner.swift in Sources */ = {isa = PBXBuildFile; fileRef = D76A59C6208F0960007E8733 /* RoundedCorner.swift */; };
		D76A59CA208F09F3007E8733 /* Aldo PC.ttf in Resources */ = {isa = PBXBuildFile; fileRef = D76A59C9208F09F3007E8733 /* Aldo PC.ttf */; };
		D76A59CD208F99B9007E8733 /* CustomTipTableViewCell.swift in Sources */ = {isa = PBXBuildFile; fileRef = D76A59CC208F99B9007E8733 /* CustomTipTableViewCell.swift */; };
		D76A59CF208F9BF7007E8733 /* cellIdentifier.swift in Sources */ = {isa = PBXBuildFile; fileRef = D76A59CE208F9BF7007E8733 /* cellIdentifier.swift */; };
/* End PBXBuildFile section */

/* Begin PBXFileReference section */
		D7382AEF208FC25F0024C47B /* logo.png */ = {isa = PBXFileReference; lastKnownFileType = image.png; name = logo.png; path = ../../../../../../Desktop/logo.png; sourceTree = "<group>"; };
		D7382AF1208FC2610024C47B /* logo.png */ = {isa = PBXFileReference; lastKnownFileType = image.png; path = logo.png; sourceTree = "<group>"; };
		D76A59AF208EF130007E8733 /* Tap2Tip.app */ = {isa = PBXFileReference; explicitFileType = wrapper.application; includeInIndex = 0; path = Tap2Tip.app; sourceTree = BUILT_PRODUCTS_DIR; };
		D76A59B2208EF130007E8733 /* AppDelegate.swift */ = {isa = PBXFileReference; lastKnownFileType = sourcecode.swift; path = AppDelegate.swift; sourceTree = "<group>"; };
		D76A59B4208EF130007E8733 /* ViewController.swift */ = {isa = PBXFileReference; lastKnownFileType = sourcecode.swift; path = ViewController.swift; sourceTree = "<group>"; };
		D76A59B7208EF130007E8733 /* Base */ = {isa = PBXFileReference; lastKnownFileType = file.storyboard; name = Base; path = Base.lproj/Main.storyboard; sourceTree = "<group>"; };
		D76A59B9208EF130007E8733 /* Assets.xcassets */ = {isa = PBXFileReference; lastKnownFileType = folder.assetcatalog; path = Assets.xcassets; sourceTree = "<group>"; };
		D76A59BC208EF130007E8733 /* Base */ = {isa = PBXFileReference; lastKnownFileType = file.storyboard; name = Base; path = Base.lproj/LaunchScreen.storyboard; sourceTree = "<group>"; };
		D76A59BE208EF130007E8733 /* Info.plist */ = {isa = PBXFileReference; lastKnownFileType = text.plist.xml; path = Info.plist; sourceTree = "<group>"; };
		D76A59C6208F0960007E8733 /* RoundedCorner.swift */ = {isa = PBXFileReference; lastKnownFileType = sourcecode.swift; path = RoundedCorner.swift; sourceTree = "<group>"; };
		D76A59C9208F09F3007E8733 /* Aldo PC.ttf */ = {isa = PBXFileReference; lastKnownFileType = file; name = "Aldo PC.ttf"; path = "../../Tip Tap/TipTap/Fonts/Aldo PC.ttf"; sourceTree = "<group>"; };
		D76A59CB208F09F7007E8733 /* Aldo PC.ttf */ = {isa = PBXFileReference; lastKnownFileType = file; path = "Aldo PC.ttf"; sourceTree = "<group>"; };
		D76A59CC208F99B9007E8733 /* CustomTipTableViewCell.swift */ = {isa = PBXFileReference; lastKnownFileType = sourcecode.swift; path = CustomTipTableViewCell.swift; sourceTree = "<group>"; };
		D76A59CE208F9BF7007E8733 /* cellIdentifier.swift */ = {isa = PBXFileReference; lastKnownFileType = sourcecode.swift; path = cellIdentifier.swift; sourceTree = "<group>"; };
/* End PBXFileReference section */

/* Begin PBXFrameworksBuildPhase section */
		D76A59AC208EF130007E8733 /* Frameworks */ = {
			isa = PBXFrameworksBuildPhase;
			buildActionMask = 2147483647;
			files = (
			);
			runOnlyForDeploymentPostprocessing = 0;
		};
/* End PBXFrameworksBuildPhase section */

/* Begin PBXGroup section */
		D7382AEE208FC2420024C47B /* Image */ = {
			isa = PBXGroup;
			children = (
				D7382AF1208FC2610024C47B /* logo.png */,
			);
			path = Image;
			sourceTree = "<group>";
		};
		D76A59A6208EF12F007E8733 = {
			isa = PBXGroup;
			children = (
				D7382AEF208FC25F0024C47B /* logo.png */,
				D76A59C9208F09F3007E8733 /* Aldo PC.ttf */,
				D76A59C8208F09D7007E8733 /* Fonts */,
				D7382AEE208FC2420024C47B /* Image */,
				D76A59B1208EF130007E8733 /* Tap2Tip */,
				D76A59B0208EF130007E8733 /* Products */,
			);
			sourceTree = "<group>";
		};
		D76A59B0208EF130007E8733 /* Products */ = {
			isa = PBXGroup;
			children = (
				D76A59AF208EF130007E8733 /* Tap2Tip.app */,
			);
			name = Products;
			sourceTree = "<group>";
		};
		D76A59B1208EF130007E8733 /* Tap2Tip */ = {
			isa = PBXGroup;
			children = (
				D76A59B2208EF130007E8733 /* AppDelegate.swift */,
				D76A59B4208EF130007E8733 /* ViewController.swift */,
				D76A59B6208EF130007E8733 /* Main.storyboard */,
				D76A59B9208EF130007E8733 /* Assets.xcassets */,
				D76A59BB208EF130007E8733 /* LaunchScreen.storyboard */,
				D76A59BE208EF130007E8733 /* Info.plist */,
				D76A59C6208F0960007E8733 /* RoundedCorner.swift */,
				D76A59CC208F99B9007E8733 /* CustomTipTableViewCell.swift */,
				D76A59CE208F9BF7007E8733 /* cellIdentifier.swift */,
			);
			path = Tap2Tip;
			sourceTree = "<group>";
		};
		D76A59C8208F09D7007E8733 /* Fonts */ = {
			isa = PBXGroup;
			children = (
				D76A59CB208F09F7007E8733 /* Aldo PC.ttf */,
			);
			path = Fonts;
			sourceTree = "<group>";
		};
/* End PBXGroup section */

/* Begin PBXNativeTarget section */
		D76A59AE208EF130007E8733 /* Tap2Tip */ = {
			isa = PBXNativeTarget;
			buildConfigurationList = D76A59C1208EF130007E8733 /* Build configuration list for PBXNativeTarget "Tap2Tip" */;
			buildPhases = (
				D76A59AB208EF130007E8733 /* Sources */,
				D76A59AC208EF130007E8733 /* Frameworks */,
				D76A59AD208EF130007E8733 /* Resources */,
			);
			buildRules = (
			);
			dependencies = (
			);
			name = Tap2Tip;
			productName = Tap2Tip;
			productReference = D76A59AF208EF130007E8733 /* Tap2Tip.app */;
			productType = "com.apple.product-type.application";
		};
/* End PBXNativeTarget section */

/* Begin PBXProject section */
		D76A59A7208EF12F007E8733 /* Project object */ = {
			isa = PBXProject;
			attributes = {
				LastSwiftUpdateCheck = 0920;
				LastUpgradeCheck = 0920;
				ORGANIZATIONNAME = "Sunny Eun";
				TargetAttributes = {
					D76A59AE208EF130007E8733 = {
						CreatedOnToolsVersion = 9.2;
						ProvisioningStyle = Automatic;
					};
				};
			};
			buildConfigurationList = D76A59AA208EF12F007E8733 /* Build configuration list for PBXProject "Tap2Tip" */;
			compatibilityVersion = "Xcode 8.0";
			developmentRegion = en;
			hasScannedForEncodings = 0;
			knownRegions = (
				en,
				Base,
			);
			mainGroup = D76A59A6208EF12F007E8733;
			productRefGroup = D76A59B0208EF130007E8733 /* Products */;
			projectDirPath = "";
			projectRoot = "";
			targets = (
				D76A59AE208EF130007E8733 /* Tap2Tip */,
			);
		};
/* End PBXProject section */

/* Begin PBXResourcesBuildPhase section */
		D76A59AD208EF130007E8733 /* Resources */ = {
			isa = PBXResourcesBuildPhase;
			buildActionMask = 2147483647;
			files = (
				D76A59BD208EF130007E8733 /* LaunchScreen.storyboard in Resources */,
				D7382AF0208FC25F0024C47B /* logo.png in Resources */,
				D76A59BA208EF130007E8733 /* Assets.xcassets in Resources */,
				D76A59CA208F09F3007E8733 /* Aldo PC.ttf in Resources */,
				D76A59B8208EF130007E8733 /* Main.storyboard in Resources */,
			);
			runOnlyForDeploymentPostprocessing = 0;
		};
/* End PBXResourcesBuildPhase section */

/* Begin PBXSourcesBuildPhase section */
		D76A59AB208EF130007E8733 /* Sources */ = {
			isa = PBXSourcesBuildPhase;
			buildActionMask = 2147483647;
			files = (
				D76A59CF208F9BF7007E8733 /* cellIdentifier.swift in Sources */,
				D76A59C7208F0960007E8733 /* RoundedCorner.swift in Sources */,
				D76A59B5208EF130007E8733 /* ViewController.swift in Sources */,
				D76A59CD208F99B9007E8733 /* CustomTipTableViewCell.swift in Sources */,
				D76A59B3208EF130007E8733 /* AppDelegate.swift in Sources */,
			);
			runOnlyForDeploymentPostprocessing = 0;
		};
/* End PBXSourcesBuildPhase section */

/* Begin PBXVariantGroup section */
		D76A59B6208EF130007E8733 /* Main.storyboard */ = {
			isa = PBXVariantGroup;
			children = (
				D76A59B7208EF130007E8733 /* Base */,
			);
			name = Main.storyboard;
			sourceTree = "<group>";
		};
		D76A59BB208EF130007E8733 /* LaunchScreen.storyboard */ = {
			isa = PBXVariantGroup;
			children = (
				D76A59BC208EF130007E8733 /* Base */,
			);
			name = LaunchScreen.storyboard;
			sourceTree = "<group>";
		};
/* End PBXVariantGroup section */

/* Begin XCBuildConfiguration section */
		D76A59BF208EF130007E8733 /* Debug */ = {
			isa = XCBuildConfiguration;
			buildSettings = {
				ALWAYS_SEARCH_USER_PATHS = NO;
				CLANG_ANALYZER_NONNULL = YES;
				CLANG_ANALYZER_NUMBER_OBJECT_CONVERSION = YES_AGGRESSIVE;
				CLANG_CXX_LANGUAGE_STANDARD = "gnu++14";
				CLANG_CXX_LIBRARY = "libc++";
				CLANG_ENABLE_MODULES = YES;
				CLANG_ENABLE_OBJC_ARC = YES;
				CLANG_WARN_BLOCK_CAPTURE_AUTORELEASING = YES;
				CLANG_WARN_BOOL_CONVERSION = YES;
				CLANG_WARN_COMMA = YES;
				CLANG_WARN_CONSTANT_CONVERSION = YES;
				CLANG_WARN_DIRECT_OBJC_ISA_USAGE = YES_ERROR;
				CLANG_WARN_DOCUMENTATION_COMMENTS = YES;
				CLANG_WARN_EMPTY_BODY = YES;
				CLANG_WARN_ENUM_CONVERSION = YES;
				CLANG_WARN_INFINITE_RECURSION = YES;
				CLANG_WARN_INT_CONVERSION = YES;
				CLANG_WARN_NON_LITERAL_NULL_CONVERSION = YES;
				CLANG_WARN_OBJC_LITERAL_CONVERSION = YES;
				CLANG_WARN_OBJC_ROOT_CLASS = YES_ERROR;
				CLANG_WARN_RANGE_LOOP_ANALYSIS = YES;
				CLANG_WARN_STRICT_PROTOTYPES = YES;
				CLANG_WARN_SUSPICIOUS_MOVE = YES;
				CLANG_WARN_UNGUARDED_AVAILABILITY = YES_AGGRESSIVE;
				CLANG_WARN_UNREACHABLE_CODE = YES;
				CLANG_WARN__DUPLICATE_METHOD_MATCH = YES;
				CODE_SIGN_IDENTITY = "iPhone Developer";
				COPY_PHASE_STRIP = NO;
				DEBUG_INFORMATION_FORMAT = dwarf;
				ENABLE_STRICT_OBJC_MSGSEND = YES;
				ENABLE_TESTABILITY = YES;
				GCC_C_LANGUAGE_STANDARD = gnu11;
				GCC_DYNAMIC_NO_PIC = NO;
				GCC_NO_COMMON_BLOCKS = YES;
				GCC_OPTIMIZATION_LEVEL = 0;
				GCC_PREPROCESSOR_DEFINITIONS = (
					"DEBUG=1",
					"$(inherited)",
				);
				GCC_WARN_64_TO_32_BIT_CONVERSION = YES;
				GCC_WARN_ABOUT_RETURN_TYPE = YES_ERROR;
				GCC_WARN_UNDECLARED_SELECTOR = YES;
				GCC_WARN_UNINITIALIZED_AUTOS = YES_AGGRESSIVE;
				GCC_WARN_UNUSED_FUNCTION = YES;
				GCC_WARN_UNUSED_VARIABLE = YES;
				IPHONEOS_DEPLOYMENT_TARGET = 11.2;
				MTL_ENABLE_DEBUG_INFO = YES;
				ONLY_ACTIVE_ARCH = YES;
				SDKROOT = iphoneos;
				SWIFT_ACTIVE_COMPILATION_CONDITIONS = DEBUG;
				SWIFT_OPTIMIZATION_LEVEL = "-Onone";
			};
			name = Debug;
		};
		D76A59C0208EF130007E8733 /* Release */ = {
			isa = XCBuildConfiguration;
			buildSettings = {
				ALWAYS_SEARCH_USER_PATHS = NO;
				CLANG_ANALYZER_NONNULL = YES;
				CLANG_ANALYZER_NUMBER_OBJECT_CONVERSION = YES_AGGRESSIVE;
				CLANG_CXX_LANGUAGE_STANDARD = "gnu++14";
				CLANG_CXX_LIBRARY = "libc++";
				CLANG_ENABLE_MODULES = YES;
				CLANG_ENABLE_OBJC_ARC = YES;
				CLANG_WARN_BLOCK_CAPTURE_AUTORELEASING = YES;
				CLANG_WARN_BOOL_CONVERSION = YES;
				CLANG_WARN_COMMA = YES;
				CLANG_WARN_CONSTANT_CONVERSION = YES;
				CLANG_WARN_DIRECT_OBJC_ISA_USAGE = YES_ERROR;
				CLANG_WARN_DOCUMENTATION_COMMENTS = YES;
				CLANG_WARN_EMPTY_BODY = YES;
				CLANG_WARN_ENUM_CONVERSION = YES;
				CLANG_WARN_INFINITE_RECURSION = YES;
				CLANG_WARN_INT_CONVERSION = YES;
				CLANG_WARN_NON_LITERAL_NULL_CONVERSION = YES;
				CLANG_WARN_OBJC_LITERAL_CONVERSION = YES;
				CLANG_WARN_OBJC_ROOT_CLASS = YES_ERROR;
				CLANG_WARN_RANGE_LOOP_ANALYSIS = YES;
				CLANG_WARN_STRICT_PROTOTYPES = YES;
				CLANG_WARN_SUSPICIOUS_MOVE = YES;
				CLANG_WARN_UNGUARDED_AVAILABILITY = YES_AGGRESSIVE;
				CLANG_WARN_UNREACHABLE_CODE = YES;
				CLANG_WARN__DUPLICATE_METHOD_MATCH = YES;
				CODE_SIGN_IDENTITY = "iPhone Developer";
				COPY_PHASE_STRIP = NO;
				DEBUG_INFORMATION_FORMAT = "dwarf-with-dsym";
				ENABLE_NS_ASSERTIONS = NO;
				ENABLE_STRICT_OBJC_MSGSEND = YES;
				GCC_C_LANGUAGE_STANDARD = gnu11;
				GCC_NO_COMMON_BLOCKS = YES;
				GCC_WARN_64_TO_32_BIT_CONVERSION = YES;
				GCC_WARN_ABOUT_RETURN_TYPE = YES_ERROR;
				GCC_WARN_UNDECLARED_SELECTOR = YES;
				GCC_WARN_UNINITIALIZED_AUTOS = YES_AGGRESSIVE;
				GCC_WARN_UNUSED_FUNCTION = YES;
				GCC_WARN_UNUSED_VARIABLE = YES;
				IPHONEOS_DEPLOYMENT_TARGET = 11.2;
				MTL_ENABLE_DEBUG_INFO = NO;
				SDKROOT = iphoneos;
				SWIFT_OPTIMIZATION_LEVEL = "-Owholemodule";
				VALIDATE_PRODUCT = YES;
			};
			name = Release;
		};
		D76A59C2208EF130007E8733 /* Debug */ = {
			isa = XCBuildConfiguration;
			buildSettings = {
				ASSETCATALOG_COMPILER_APPICON_NAME = AppIcon;
				CODE_SIGN_STYLE = Automatic;
				DEVELOPMENT_TEAM = TPGM848CZH;
				INFOPLIST_FILE = Tap2Tip/Info.plist;
				LD_RUNPATH_SEARCH_PATHS = "$(inherited) @executable_path/Frameworks";
				PRODUCT_BUNDLE_IDENTIFIER = com.sunnyeun.Tap2Tip;
				PRODUCT_NAME = "$(TARGET_NAME)";
				SWIFT_VERSION = 4.0;
				TARGETED_DEVICE_FAMILY = "1,2";
			};
			name = Debug;
		};
		D76A59C3208EF130007E8733 /* Release */ = {
			isa = XCBuildConfiguration;
			buildSettings = {
				ASSETCATALOG_COMPILER_APPICON_NAME = AppIcon;
				CODE_SIGN_STYLE = Automatic;
				DEVELOPMENT_TEAM = TPGM848CZH;
				INFOPLIST_FILE = Tap2Tip/Info.plist;
				LD_RUNPATH_SEARCH_PATHS = "$(inherited) @executable_path/Frameworks";
				PRODUCT_BUNDLE_IDENTIFIER = com.sunnyeun.Tap2Tip;
				PRODUCT_NAME = "$(TARGET_NAME)";
				SWIFT_VERSION = 4.0;
				TARGETED_DEVICE_FAMILY = "1,2";
			};
			name = Release;
		};
/* End XCBuildConfiguration section */

/* Begin XCConfigurationList section */
		D76A59AA208EF12F007E8733 /* Build configuration list for PBXProject "Tap2Tip" */ = {
			isa = XCConfigurationList;
			buildConfigurations = (
				D76A59BF208EF130007E8733 /* Debug */,
				D76A59C0208EF130007E8733 /* Release */,
			);
			defaultConfigurationIsVisible = 0;
			defaultConfigurationName = Release;
		};
		D76A59C1208EF130007E8733 /* Build configuration list for PBXNativeTarget "Tap2Tip" */ = {
			isa = XCConfigurationList;
			buildConfigurations = (
				D76A59C2208EF130007E8733 /* Debug */,
				D76A59C3208EF130007E8733 /* Release */,
			);
			defaultConfigurationIsVisible = 0;
			defaultConfigurationName = Release;
		};
/* End XCConfigurationList section */
	};
	rootObject = D76A59A7208EF12F007E8733 /* Project object */;
}
